PODS:
  - FlutterMacOS (1.0.0)
  - iroh_flutter (1.0.0):
    - FlutterMacOS

DEPENDENCIES:
  - FlutterMacOS (from `Flutter/ephemeral`)
  - iroh_flutter (from `Flutter/ephemeral/.symlinks/plugins/iroh_flutter/macos`)

EXTERNAL SOURCES:
  FlutterMacOS:
    :path: Flutter/ephemeral
  iroh_flutter:
    :path: Flutter/ephemeral/.symlinks/plugins/iroh_flutter/macos

SPEC CHECKSUMS:
  FlutterMacOS: c232990155153907050900a2e175c7773903ba4e
  iroh_flutter: f4d594893aa094b8dd63ae62618621b758ffc1c2

PODFILE CHECKSUM: 1e95c36afbfd1cb6423ceca4de7a8e1b256fb6ac

COCOAPODS: 1.17.0
